
Microsoft Visual Studio Solution File, Format Version 12.00
# Visual Studio 15
VisualStudioVersion = 15.0.27703.2047
MinimumVisualStudioVersion = 10.0.40219.1
Project("{8BC9CEB8-8B4A-11D0-8D11-00A0C91BC942}") = "20180911-2", "20180911-2\20180911-2.vcxproj", "{CC941AED-81F6-4F1E-8D4F-904EB7827661}"
EndProject
Project("{8BC9CEB8-8B4A-11D0-8D11-00A0C91BC942}") = "20181002-1", "20181002\20181002.vcxproj", "{F8404498-D5B1-4B4B-8E1B-220150DF6DAF}"
EndProject
Project("{8BC9CEB8-8B4A-11D0-8D11-00A0C91BC942}") = "20181002-2", "20181002-2\20181002-2.vcxproj", "{653E0B00-0CE2-416E-B0D1-DFCE784B4F6E}"
EndProject
Project("{8BC9CEB8-8B4A-11D0-8D11-00A0C91BC942}") = "HW1-1", "HW1-1\HW1-1.vcxproj", "{9E507751-4776-4802-B60C-C2680C907530}"
EndProject
Project("{8BC9CEB8-8B4A-11D0-8D11-00A0C91BC942}") = "HW1-2", "HW1-2\HW1-2.vcxproj", "{26823DC9-25C1-4E43-B1C4-D9925AAA786B}"
EndProject
Project("{8BC9CEB8-8B4A-11D0-8D11-00A0C91BC942}") = "HW1-3", "HW1-3\HW1-3.vcxproj", "{301E3497-4B8E-4306-82DD-B7593C6DC2FA}"
EndProject
Project("{8BC9CEB8-8B4A-11D0-8D11-00A0C91BC942}") = "HW1-4", "HW1-4\HW1-4.vcxproj", "{EDD89027-28C5-4EC8-ADC5-71512B8B163F}"
EndProject
Project("{8BC9CEB8-8B4A-11D0-8D11-00A0C91BC942}") = "HW1-6", "HW1-6\HW1-6.vcxproj", "{D825F4A1-809E-43C6-8247-87F750CD0F8A}"
EndProject
Global
	GlobalSection(SolutionConfigurationPlatforms) = preSolution
		Debug|Win32 = Debug|Win32
		Debug|x64 = Debug|x64
		Release|Win32 = Release|Win32
		Release|x64 = Release|x64
	EndGlobalSection
	GlobalSection(ProjectConfigurationPlatforms) = postSolution
		{CC941AED-81F6-4F1E-8D4F-904EB7827661}.Debug|Win32.ActiveCfg = Debug|Win32
		{CC941AED-81F6-4F1E-8D4F-904EB7827661}.Debug|Win32.Build.0 = Debug|Win32
		{CC941AED-81F6-4F1E-8D4F-904EB7827661}.Debug|x64.ActiveCfg = Debug|Win32
		{CC941AED-81F6-4F1E-8D4F-904EB7827661}.Release|Win32.ActiveCfg = Release|Win32
		{CC941AED-81F6-4F1E-8D4F-904EB7827661}.Release|Win32.Build.0 = Release|Win32
		{CC941AED-81F6-4F1E-8D4F-904EB7827661}.Release|x64.ActiveCfg = Release|Win32
		{F8404498-D5B1-4B4B-8E1B-220150DF6DAF}.Debug|Win32.ActiveCfg = Debug|Win32
		{F8404498-D5B1-4B4B-8E1B-220150DF6DAF}.Debug|Win32.Build.0 = Debug|Win32
		{F8404498-D5B1-4B4B-8E1B-220150DF6DAF}.Debug|x64.ActiveCfg = Debug|Win32
		{F8404498-D5B1-4B4B-8E1B-220150DF6DAF}.Release|Win32.ActiveCfg = Release|Win32
		{F8404498-D5B1-4B4B-8E1B-220150DF6DAF}.Release|Win32.Build.0 = Release|Win32
		{F8404498-D5B1-4B4B-8E1B-220150DF6DAF}.Release|x64.ActiveCfg = Release|Win32
		{653E0B00-0CE2-416E-B0D1-DFCE784B4F6E}.Debug|Win32.ActiveCfg = Debug|Win32
		{653E0B00-0CE2-416E-B0D1-DFCE784B4F6E}.Debug|Win32.Build.0 = Debug|Win32
		{653E0B00-0CE2-416E-B0D1-DFCE784B4F6E}.Debug|x64.ActiveCfg = Debug|Win32
		{653E0B00-0CE2-416E-B0D1-DFCE784B4F6E}.Release|Win32.ActiveCfg = Release|Win32
		{653E0B00-0CE2-416E-B0D1-DFCE784B4F6E}.Release|Win32.Build.0 = Release|Win32
		{653E0B00-0CE2-416E-B0D1-DFCE784B4F6E}.Release|x64.ActiveCfg = Release|Win32
		{9E507751-4776-4802-B60C-C2680C907530}.Debug|Win32.ActiveCfg = Debug|Win32
		{9E507751-4776-4802-B60C-C2680C907530}.Debug|Win32.Build.0 = Debug|Win32
		{9E507751-4776-4802-B60C-C2680C907530}.Debug|x64.ActiveCfg = Debug|x64
		{9E507751-4776-4802-B60C-C2680C907530}.Debug|x64.Build.0 = Debug|x64
		{9E507751-4776-4802-B60C-C2680C907530}.Release|Win32.ActiveCfg = Release|Win32
		{9E507751-4776-4802-B60C-C2680C907530}.Release|Win32.Build.0 = Release|Win32
		{9E507751-4776-4802-B60C-C2680C907530}.Release|x64.ActiveCfg = Release|x64
		{9E507751-4776-4802-B60C-C2680C907530}.Release|x64.Build.0 = Release|x64
		{26823DC9-25C1-4E43-B1C4-D9925AAA786B}.Debug|Win32.ActiveCfg = Debug|Win32
		{26823DC9-25C1-4E43-B1C4-D9925AAA786B}.Debug|Win32.Build.0 = Debug|Win32
		{26823DC9-25C1-4E43-B1C4-D9925AAA786B}.Debug|x64.ActiveCfg = Debug|x64
		{26823DC9-25C1-4E43-B1C4-D9925AAA786B}.Debug|x64.Build.0 = Debug|x64
		{26823DC9-25C1-4E43-B1C4-D9925AAA786B}.Release|Win32.ActiveCfg = Release|Win32
		{26823DC9-25C1-4E43-B1C4-D9925AAA786B}.Release|Win32.Build.0 = Release|Win32
		{26823DC9-25C1-4E43-B1C4-D9925AAA786B}.Release|x64.ActiveCfg = Release|x64
		{26823DC9-25C1-4E43-B1C4-D9925AAA786B}.Release|x64.Build.0 = Release|x64
		{301E3497-4B8E-4306-82DD-B7593C6DC2FA}.Debug|Win32.ActiveCfg = Debug|Win32
		{301E3497-4B8E-4306-82DD-B7593C6DC2FA}.Debug|Win32.Build.0 = Debug|Win32
		{301E3497-4B8E-4306-82DD-B7593C6DC2FA}.Debug|x64.ActiveCfg = Debug|x64
		{301E3497-4B8E-4306-82DD-B7593C6DC2FA}.Debug|x64.Build.0 = Debug|x64
		{301E3497-4B8E-4306-82DD-B7593C6DC2FA}.Release|Win32.ActiveCfg = Release|Win32
		{301E3497-4B8E-4306-82DD-B7593C6DC2FA}.Release|Win32.Build.0 = Release|Win32
		{301E3497-4B8E-4306-82DD-B7593C6DC2FA}.Release|x64.ActiveCfg = Release|x64
		{301E3497-4B8E-4306-82DD-B7593C6DC2FA}.Release|x64.Build.0 = Release|x64
		{EDD89027-28C5-4EC8-ADC5-71512B8B163F}.Debug|Win32.ActiveCfg = Debug|Win32
		{EDD89027-28C5-4EC8-ADC5-71512B8B163F}.Debug|Win32.Build.0 = Debug|Win32
		{EDD89027-28C5-4EC8-ADC5-71512B8B163F}.Debug|x64.ActiveCfg = Debug|x64
		{EDD89027-28C5-4EC8-ADC5-71512B8B163F}.Debug|x64.Build.0 = Debug|x64
		{EDD89027-28C5-4EC8-ADC5-71512B8B163F}.Release|Win32.ActiveCfg = Release|Win32
		{EDD89027-28C5-4EC8-ADC5-71512B8B163F}.Release|Win32.Build.0 = Release|Win32
		{EDD89027-28C5-4EC8-ADC5-71512B8B163F}.Release|x64.ActiveCfg = Release|x64
		{EDD89027-28C5-4EC8-ADC5-71512B8B163F}.Release|x64.Build.0 = Release|x64
		{D825F4A1-809E-43C6-8247-87F750CD0F8A}.Debug|Win32.ActiveCfg = Debug|Win32
		{D825F4A1-809E-43C6-8247-87F750CD0F8A}.Debug|Win32.Build.0 = Debug|Win32
		{D825F4A1-809E-43C6-8247-87F750CD0F8A}.Debug|x64.ActiveCfg = Debug|x64
		{D825F4A1-809E-43C6-8247-87F750CD0F8A}.Debug|x64.Build.0 = Debug|x64
		{D825F4A1-809E-43C6-8247-87F750CD0F8A}.Release|Win32.ActiveCfg = Release|Win32
		{D825F4A1-809E-43C6-8247-87F750CD0F8A}.Release|Win32.Build.0 = Release|Win32
		{D825F4A1-809E-43C6-8247-87F750CD0F8A}.Release|x64.ActiveCfg = Release|x64
		{D825F4A1-809E-43C6-8247-87F750CD0F8A}.Release|x64.Build.0 = Release|x64
	EndGlobalSection
	GlobalSection(SolutionProperties) = preSolution
		HideSolutionNode = FALSE
	EndGlobalSection
	GlobalSection(ExtensibilityGlobals) = postSolution
		SolutionGuid = {5389274C-9EED-49CD-B498-1638C030B9F5}
	EndGlobalSection
EndGlobal
